// !$*UTF8*$!
{
	archiveVersion = 1;
	classes = {
	};
	objectVersion = 50;
	objects = {

/* Begin PBXBuildFile section */
		9F59EDDD24440FCB00C78705 /* AppDelegate.swift in Sources */ = {isa = PBXBuildFile; fileRef = 9F59EDDC24440FCB00C78705 /* AppDelegate.swift */; };
		9F59EDDF24440FCB00C78705 /* art.scnassets in Resources */ = {isa = PBXBuildFile; fileRef = 9F59EDDE24440FCB00C78705 /* art.scnassets */; };
		9F59EDE124440FCB00C78705 /* ViewController.swift in Sources */ = {isa = PBXBuildFile; fileRef = 9F59EDE024440FCB00C78705 /* ViewController.swift */; };
		9F59EDE424440FCB00C78705 /* Main.storyboard in Resources */ = {isa = PBXBuildFile; fileRef = 9F59EDE224440FCB00C78705 /* Main.storyboard */; };
		9F59EDE624440FD000C78705 /* Assets.xcassets in Resources */ = {isa = PBXBuildFile; fileRef = 9F59EDE524440FD000C78705 /* Assets.xcassets */; };
		9F59EDE924440FD000C78705 /* LaunchScreen.storyboard in Resources */ = {isa = PBXBuildFile; fileRef = 9F59EDE724440FD000C78705 /* LaunchScreen.storyboard */; };
		9FDA02632457D58B00B59AD1 /* default.wav in Resources */ = {isa = PBXBuildFile; fileRef = 9FDA02622457D58A00B59AD1 /* default.wav */; };
		F55562C024F0564B00E350AB /* README.md in Resources */ = {isa = PBXBuildFile; fileRef = F55562BF24F0564B00E350AB /* README.md */; };
/* End PBXBuildFile section */

/* Begin PBXFileReference section */
		9F59EDD924440FCB00C78705 /* ARAnimation.app */ = {isa = PBXFileReference; explicitFileType = wrapper.application; includeInIndex = 0; path = ARAnimation.app; sourceTree = BUILT_PRODUCTS_DIR; };
		9F59EDDC24440FCB00C78705 /* AppDelegate.swift */ = {isa = PBXFileReference; lastKnownFileType = sourcecode.swift; path = AppDelegate.swift; sourceTree = "<group>"; };
		9F59EDDE24440FCB00C78705 /* art.scnassets */ = {isa = PBXFileReference; lastKnownFileType = wrapper.scnassets; path = art.scnassets; sourceTree = "<group>"; };
		9F59EDE024440FCB00C78705 /* ViewController.swift */ = {isa = PBXFileReference; lastKnownFileType = sourcecode.swift; path = ViewController.swift; sourceTree = "<group>"; };
		9F59EDE324440FCB00C78705 /* Base */ = {isa = PBXFileReference; lastKnownFileType = file.storyboard; name = Base; path = Base.lproj/Main.storyboard; sourceTree = "<group>"; };
		9F59EDE524440FD000C78705 /* Assets.xcassets */ = {isa = PBXFileReference; lastKnownFileType = folder.assetcatalog; path = Assets.xcassets; sourceTree = "<group>"; };
		9F59EDE824440FD000C78705 /* Base */ = {isa = PBXFileReference; lastKnownFileType = file.storyboard; name = Base; path = Base.lproj/LaunchScreen.storyboard; sourceTree = "<group>"; };
		9F59EDEA24440FD000C78705 /* Info.plist */ = {isa = PBXFileReference; lastKnownFileType = text.plist.xml; path = Info.plist; sourceTree = "<group>"; };
		9FDA02622457D58A00B59AD1 /* default.wav */ = {isa = PBXFileReference; lastKnownFileType = audio.wav; path = default.wav; sourceTree = "<group>"; };
		F55562BF24F0564B00E350AB /* README.md */ = {isa = PBXFileReference; fileEncoding = 4; lastKnownFileType = net.daringfireball.markdown; path = README.md; sourceTree = "<group>"; };
/* End PBXFileReference section */

/* Begin PBXFrameworksBuildPhase section */
		9F59EDD624440FCB00C78705 /* Frameworks */ = {
			isa = PBXFrameworksBuildPhase;
			buildActionMask = 2147483647;
			files = (
			);
			runOnlyForDeploymentPostprocessing = 0;
		};
/* End PBXFrameworksBuildPhase section */

/* Begin PBXGroup section */
		926F5D6EEEDFF081D5AEFA09 /* Pods */ = {
			isa = PBXGroup;
			children = (
			);
			path = Pods;
			sourceTree = "<group>";
		};
		9F59EDD024440FCB00C78705 = {
			isa = PBXGroup;
			children = (
				9F59EDDB24440FCB00C78705 /* ARAnimation */,
				9F59EDDA24440FCB00C78705 /* Products */,
				926F5D6EEEDFF081D5AEFA09 /* Pods */,
				F55562BF24F0564B00E350AB /* README.md */,
			);
			sourceTree = "<group>";
		};
		9F59EDDA24440FCB00C78705 /* Products */ = {
			isa = PBXGroup;
			children = (
				9F59EDD924440FCB00C78705 /* ARAnimation.app */,
			);
			name = Products;
			sourceTree = "<group>";
		};
		9F59EDDB24440FCB00C78705 /* ARAnimation */ = {
			isa = PBXGroup;
			children = (
				9F59EDDC24440FCB00C78705 /* AppDelegate.swift */,
				9F59EDDE24440FCB00C78705 /* art.scnassets */,
				9F59EDE024440FCB00C78705 /* ViewController.swift */,
				9F59EDE224440FCB00C78705 /* Main.storyboard */,
				9F59EDE524440FD000C78705 /* Assets.xcassets */,
				9F59EDE724440FD000C78705 /* LaunchScreen.storyboard */,
				9F59EDEA24440FD000C78705 /* Info.plist */,
				9FDA02622457D58A00B59AD1 /* default.wav */,
			);
			path = ARAnimation;
			sourceTree = "<group>";
		};
/* End PBXGroup section */

/* Begin PBXNativeTarget section */
		9F59EDD824440FCB00C78705 /* ARAnimation */ = {
			isa = PBXNativeTarget;
			buildConfigurationList = 9F59EDED24440FD000C78705 /* Build configuration list for PBXNativeTarget "ARAnimation" */;
			buildPhases = (
				9F59EDD524440FCB00C78705 /* Sources */,
				9F59EDD624440FCB00C78705 /* Frameworks */,
				9F59EDD724440FCB00C78705 /* Resources */,
			);
			buildRules = (
			);
			dependencies = (
			);
			name = ARAnimation;
			productName = ARAnimation;
			productReference = 9F59EDD924440FCB00C78705 /* ARAnimation.app */;
			productType = "com.apple.product-type.application";
		};
/* End PBXNativeTarget section */

/* Begin PBXProject section */
		9F59EDD124440FCB00C78705 /* Project object */ = {
			isa = PBXProject;
			attributes = {
				LastSwiftUpdateCheck = 1130;
				LastUpgradeCheck = 1200;
				ORGANIZATIONNAME = Kenneth;
				TargetAttributes = {
					9F59EDD824440FCB00C78705 = {
						CreatedOnToolsVersion = 11.3.1;
					};
				};
			};
			buildConfigurationList = 9F59EDD424440FCB00C78705 /* Build configuration list for PBXProject "ARAnimation" */;
			compatibilityVersion = "Xcode 9.3";
			developmentRegion = en;
			hasScannedForEncodings = 0;
			knownRegions = (
				en,
				Base,
			);
			mainGroup = 9F59EDD024440FCB00C78705;
			productRefGroup = 9F59EDDA24440FCB00C78705 /* Products */;
			projectDirPath = "";
			projectRoot = "";
			targets = (
				9F59EDD824440FCB00C78705 /* ARAnimation */,
			);
		};
/* End PBXProject section */

/* Begin PBXResourcesBuildPhase section */
		9F59EDD724440FCB00C78705 /* Resources */ = {
			isa = PBXResourcesBuildPhase;
			buildActionMask = 2147483647;
			files = (
				F55562C024F0564B00E350AB /* README.md in Resources */,
				9F59EDDF24440FCB00C78705 /* art.scnassets in Resources */,
				9F59EDE924440FD000C78705 /* LaunchScreen.storyboard in Resources */,
				9FDA02632457D58B00B59AD1 /* default.wav in Resources */,
				9F59EDE624440FD000C78705 /* Assets.xcassets in Resources */,
				9F59EDE424440FCB00C78705 /* Main.storyboard in Resources */,
			);
			runOnlyForDeploymentPostprocessing = 0;
		};
/* End PBXResourcesBuildPhase section */

/* Begin PBXSourcesBuildPhase section */
		9F59EDD524440FCB00C78705 /* Sources */ = {
			isa = PBXSourcesBuildPhase;
			buildActionMask = 2147483647;
			files = (
				9F59EDE124440FCB00C78705 /* ViewController.swift in Sources */,
				9F59EDDD24440FCB00C78705 /* AppDelegate.swift in Sources */,
			);
			runOnlyForDeploymentPostprocessing = 0;
		};
/* End PBXSourcesBuildPhase section */

/* Begin PBXVariantGroup section */
		9F59EDE224440FCB00C78705 /* Main.storyboard */ = {
			isa = PBXVariantGroup;
			children = (
				9F59EDE324440FCB00C78705 /* Base */,
			);
			name = Main.storyboard;
			sourceTree = "<group>";
		};
		9F59EDE724440FD000C78705 /* LaunchScreen.storyboard */ = {
			isa = PBXVariantGroup;
			children = (
				9F59EDE824440FD000C78705 /* Base */,
			);
			name = LaunchScreen.storyboard;
			sourceTree = "<group>";
		};
/* End PBXVariantGroup section */

/* Begin XCBuildConfiguration section */
		9F59EDEB24440FD000C78705 /* Debug */ = {
			isa = XCBuildConfiguration;
			buildSettings = {
				ALWAYS_SEARCH_USER_PATHS = NO;
				CLANG_ANALYZER_NONNULL = YES;
				CLANG_ANALYZER_NUMBER_OBJECT_CONVERSION = YES_AGGRESSIVE;
				CLANG_CXX_LANGUAGE_STANDARD = "gnu++14";
				CLANG_CXX_LIBRARY = "libc++";
				CLANG_ENABLE_MODULES = YES;
				CLANG_ENABLE_OBJC_ARC = YES;
				CLANG_ENABLE_OBJC_WEAK = YES;
				CLANG_WARN_BLOCK_CAPTURE_AUTORELEASING = YES;
				CLANG_WARN_BOOL_CONVERSION = YES;
				CLANG_WARN_COMMA = YES;
				CLANG_WARN_CONSTANT_CONVERSION = YES;
				CLANG_WARN_DEPRECATED_OBJC_IMPLEMENTATIONS = YES;
				CLANG_WARN_DIRECT_OBJC_ISA_USAGE = YES_ERROR;
				CLANG_WARN_DOCUMENTATION_COMMENTS = YES;
				CLANG_WARN_EMPTY_BODY = YES;
				CLANG_WARN_ENUM_CONVERSION = YES;
				CLANG_WARN_INFINITE_RECURSION = YES;
				CLANG_WARN_INT_CONVERSION = YES;
				CLANG_WARN_NON_LITERAL_NULL_CONVERSION = YES;
				CLANG_WARN_OBJC_IMPLICIT_RETAIN_SELF = YES;
				CLANG_WARN_OBJC_LITERAL_CONVERSION = YES;
				CLANG_WARN_OBJC_ROOT_CLASS = YES_ERROR;
				CLANG_WARN_QUOTED_INCLUDE_IN_FRAMEWORK_HEADER = YES;
				CLANG_WARN_RANGE_LOOP_ANALYSIS = YES;
				CLANG_WARN_STRICT_PROTOTYPES = YES;
				CLANG_WARN_SUSPICIOUS_MOVE = YES;
				CLANG_WARN_UNGUARDED_AVAILABILITY = YES_AGGRESSIVE;
				CLANG_WARN_UNREACHABLE_CODE = YES;
				CLANG_WARN__DUPLICATE_METHOD_MATCH = YES;
				COPY_PHASE_STRIP = NO;
				DEBUG_INFORMATION_FORMAT = dwarf;
				ENABLE_STRICT_OBJC_MSGSEND = YES;
				ENABLE_TESTABILITY = YES;
				GCC_C_LANGUAGE_STANDARD = gnu11;
				GCC_DYNAMIC_NO_PIC = NO;
				GCC_NO_COMMON_BLOCKS = YES;
				GCC_OPTIMIZATION_LEVEL = 0;
				GCC_PREPROCESSOR_DEFINITIONS = (
					"DEBUG=1",
					"$(inherited)",
				);
				GCC_WARN_64_TO_32_BIT_CONVERSION = YES;
				GCC_WARN_ABOUT_RETURN_TYPE = YES_ERROR;
				GCC_WARN_UNDECLARED_SELECTOR = YES;
				GCC_WARN_UNINITIALIZED_AUTOS = YES_AGGRESSIVE;
				GCC_WARN_UNUSED_FUNCTION = YES;
				GCC_WARN_UNUSED_VARIABLE = YES;
				IPHONEOS_DEPLOYMENT_TARGET = 13.0;
				MTL_ENABLE_DEBUG_INFO = INCLUDE_SOURCE;
				MTL_FAST_MATH = YES;
				ONLY_ACTIVE_ARCH = YES;
				SDKROOT = iphoneos;
				SWIFT_ACTIVE_COMPILATION_CONDITIONS = DEBUG;
				SWIFT_OPTIMIZATION_LEVEL = "-Onone";
			};
			name = Debug;
		};
		9F59EDEC24440FD000C78705 /* Release */ = {
			isa = XCBuildConfiguration;
			buildSettings = {
				ALWAYS_SEARCH_USER_PATHS = NO;
				CLANG_ANALYZER_NONNULL = YES;
				CLANG_ANALYZER_NUMBER_OBJECT_CONVERSION = YES_AGGRESSIVE;
				CLANG_CXX_LANGUAGE_STANDARD = "gnu++14";
				CLANG_CXX_LIBRARY = "libc++";
				CLANG_ENABLE_MODULES = YES;
				CLANG_ENABLE_OBJC_ARC = YES;
				CLANG_ENABLE_OBJC_WEAK = YES;
				CLANG_WARN_BLOCK_CAPTURE_AUTORELEASING = YES;
				CLANG_WARN_BOOL_CONVERSION = YES;
				CLANG_WARN_COMMA = YES;
				CLANG_WARN_CONSTANT_CONVERSION = YES;
				CLANG_WARN_DEPRECATED_OBJC_IMPLEMENTATIONS = YES;
				CLANG_WARN_DIRECT_OBJC_ISA_USAGE = YES_ERROR;
				CLANG_WARN_DOCUMENTATION_COMMENTS = YES;
				CLANG_WARN_EMPTY_BODY = YES;
				CLANG_WARN_ENUM_CONVERSION = YES;
				CLANG_WARN_INFINITE_RECURSION = YES;
				CLANG_WARN_INT_CONVERSION = YES;
				CLANG_WARN_NON_LITERAL_NULL_CONVERSION = YES;
				CLANG_WARN_OBJC_IMPLICIT_RETAIN_SELF = YES;
				CLANG_WARN_OBJC_LITERAL_CONVERSION = YES;
				CLANG_WARN_OBJC_ROOT_CLASS = YES_ERROR;
				CLANG_WARN_QUOTED_INCLUDE_IN_FRAMEWORK_HEADER = YES;
				CLANG_WARN_RANGE_LOOP_ANALYSIS = YES;
				CLANG_WARN_STRICT_PROTOTYPES = YES;
				CLANG_WARN_SUSPICIOUS_MOVE = YES;
				CLANG_WARN_UNGUARDED_AVAILABILITY = YES_AGGRESSIVE;
				CLANG_WARN_UNREACHABLE_CODE = YES;
				CLANG_WARN__DUPLICATE_METHOD_MATCH = YES;
				COPY_PHASE_STRIP = NO;
				DEBUG_INFORMATION_FORMAT = "dwarf-with-dsym";
				ENABLE_NS_ASSERTIONS = NO;
				ENABLE_STRICT_OBJC_MSGSEND = YES;
				GCC_C_LANGUAGE_STANDARD = gnu11;
				GCC_NO_COMMON_BLOCKS = YES;
				GCC_WARN_64_TO_32_BIT_CONVERSION = YES;
				GCC_WARN_ABOUT_RETURN_TYPE = YES_ERROR;
				GCC_WARN_UNDECLARED_SELECTOR = YES;
				GCC_WARN_UNINITIALIZED_AUTOS = YES_AGGRESSIVE;
				GCC_WARN_UNUSED_FUNCTION = YES;
				GCC_WARN_UNUSED_VARIABLE = YES;
				IPHONEOS_DEPLOYMENT_TARGET = 13.0;
				MTL_ENABLE_DEBUG_INFO = NO;
				MTL_FAST_MATH = YES;
				SDKROOT = iphoneos;
				SWIFT_COMPILATION_MODE = wholemodule;
				SWIFT_OPTIMIZATION_LEVEL = "-O";
				VALIDATE_PRODUCT = YES;
			};
			name = Release;
		};
		9F59EDEE24440FD000C78705 /* Debug */ = {
			isa = XCBuildConfiguration;
			buildSettings = {
				ASSETCATALOG_COMPILER_APPICON_NAME = AppIcon;
				CODE_SIGN_IDENTITY = "Apple Development";
				CODE_SIGN_STYLE = Automatic;
				DEVELOPMENT_TEAM = 8V38HGRL3Q;
				INFOPLIST_FILE = ARAnimation/Info.plist;
				LD_RUNPATH_SEARCH_PATHS = (
					"$(inherited)",
					"@executable_path/Frameworks",
				);
				PRODUCT_BUNDLE_IDENTIFIER = co.kenneth.ARAnimation;
				PRODUCT_NAME = "$(TARGET_NAME)";
				PROVISIONING_PROFILE_SPECIFIER = "";
				SWIFT_VERSION = 5.0;
				TARGETED_DEVICE_FAMILY = "1,2";
			};
			name = Debug;
		};
		9F59EDEF24440FD000C78705 /* Release */ = {
			isa = XCBuildConfiguration;
			buildSettings = {
				ASSETCATALOG_COMPILER_APPICON_NAME = AppIcon;
				CODE_SIGN_IDENTITY = "Apple Development";
				CODE_SIGN_STYLE = Automatic;
				DEVELOPMENT_TEAM = 8V38HGRL3Q;
				INFOPLIST_FILE = ARAnimation/Info.plist;
				LD_RUNPATH_SEARCH_PATHS = (
					"$(inherited)",
					"@executable_path/Frameworks",
				);
				PRODUCT_BUNDLE_IDENTIFIER = co.kenneth.ARAnimation;
				PRODUCT_NAME = "$(TARGET_NAME)";
				PROVISIONING_PROFILE_SPECIFIER = "";
				SWIFT_VERSION = 5.0;
				TARGETED_DEVICE_FAMILY = "1,2";
			};
			name = Release;
		};
/* End XCBuildConfiguration section */

/* Begin XCConfigurationList section */
		9F59EDD424440FCB00C78705 /* Build configuration list for PBXProject "ARAnimation" */ = {
			isa = XCConfigurationList;
			buildConfigurations = (
				9F59EDEB24440FD000C78705 /* Debug */,
				9F59EDEC24440FD000C78705 /* Release */,
			);
			defaultConfigurationIsVisible = 0;
			defaultConfigurationName = Release;
		};
		9F59EDED24440FD000C78705 /* Build configuration list for PBXNativeTarget "ARAnimation" */ = {
			isa = XCConfigurationList;
			buildConfigurations = (
				9F59EDEE24440FD000C78705 /* Debug */,
				9F59EDEF24440FD000C78705 /* Release */,
			);
			defaultConfigurationIsVisible = 0;
			defaultConfigurationName = Release;
		};
/* End XCConfigurationList section */
	};
	rootObject = 9F59EDD124440FCB00C78705 /* Project object */;
}
